
Microsoft Visual Studio Solution File, Format Version 12.00
# Visual Studio Version 17
VisualStudioVersion = 17.5.33502.453
MinimumVisualStudioVersion = 10.0.40219.1
Project("{FAE04EC0-301F-11D3-BF4B-00C04F79EFBC}") = "E.1 PRACTICA-1", "E.1 PRACTICA-1\E.1 PRACTICA-1.csproj", "{96812E8F-26A3-4994-925A-29ADDD991529}"
EndProject
Global
	GlobalSection(SolutionConfigurationPlatforms) = preSolution
		Debug|Any CPU = Debug|Any CPU
		Release|Any CPU = Release|Any CPU
	EndGlobalSection
	GlobalSection(ProjectConfigurationPlatforms) = postSolution
		{96812E8F-26A3-4994-925A-29ADDD991529}.Debug|Any CPU.ActiveCfg = Debug|Any CPU
		{96812E8F-26A3-4994-925A-29ADDD991529}.Debug|Any CPU.Build.0 = Debug|Any CPU
		{96812E8F-26A3-4994-925A-29ADDD991529}.Release|Any CPU.ActiveCfg = Release|Any CPU
		{96812E8F-26A3-4994-925A-29ADDD991529}.Release|Any CPU.Build.0 = Release|Any CPU
	EndGlobalSection
	GlobalSection(SolutionProperties) = preSolution
		HideSolutionNode = FALSE
	EndGlobalSection
	GlobalSection(ExtensibilityGlobals) = postSolution
		SolutionGuid = {E5C5BB83-FFF8-4217-8354-39F695ED61E4}
	EndGlobalSection
EndGlobal
